
Microsoft Visual Studio Solution File, Format Version 12.00
# Visual Studio Version 16
VisualStudioVersion = 16.0.29911.84
MinimumVisualStudioVersion = 10.0.40219.1
Project("{FAE04EC0-301F-11D3-BF4B-00C04F79EFBC}") = "FileStorage.RestApi", "FileStorage.RestApi\FileStorage.RestApi.csproj", "{59F417AC-4480-4D9A-8A1F-F9807D64934B}"
EndProject
Global
	GlobalSection(SolutionConfigurationPlatforms) = preSolution
		Debug|Any CPU = Debug|Any CPU
		Release|Any CPU = Release|Any CPU
	EndGlobalSection
	GlobalSection(ProjectConfigurationPlatforms) = postSolution
		{59F417AC-4480-4D9A-8A1F-F9807D64934B}.Debug|Any CPU.ActiveCfg = Debug|Any CPU
		{59F417AC-4480-4D9A-8A1F-F9807D64934B}.Debug|Any CPU.Build.0 = Debug|Any CPU
		{59F417AC-4480-4D9A-8A1F-F9807D64934B}.Release|Any CPU.ActiveCfg = Release|Any CPU
		{59F417AC-4480-4D9A-8A1F-F9807D64934B}.Release|Any CPU.Build.0 = Release|Any CPU
	EndGlobalSection
	GlobalSection(SolutionProperties) = preSolution
		HideSolutionNode = FALSE
	EndGlobalSection
	GlobalSection(ExtensibilityGlobals) = postSolution
		SolutionGuid = {16571D58-1937-481D-8F2C-914B81172C6C}
	EndGlobalSection
EndGlobal
